
Microsoft Visual Studio Solution File, Format Version 12.00
# Visual Studio 15
VisualStudioVersion = 15.0.27428.2005
MinimumVisualStudioVersion = 10.0.40219.1
Project("{2150E333-8FDC-42A3-9474-1A3956D46DE8}") = "Solution items", "Solution items", "{CDD2533C-1CD9-4930-94BD-273FFDBAF5EA}"
	ProjectSection(SolutionItems) = preProject
		.travis.yml = .travis.yml
		appveyor.yml = appveyor.yml
		build.cake = build.cake
		CHANGELOG.md = CHANGELOG.md
		LICENSE = LICENSE
		README.md = README.md
	EndProjectSection
EndProject
Project("{2150E333-8FDC-42A3-9474-1A3956D46DE8}") = "Source", "Source", "{6D649DD5-5078-47D4-A2A2-225B03C34F43}"
	ProjectSection(SolutionItems) = preProject
		src\README.md = src\README.md
	EndProjectSection
EndProject
Project("{2150E333-8FDC-42A3-9474-1A3956D46DE8}") = "Tests", "Tests", "{2C353101-8C00-4CEC-902B-12ADB42DAB97}"
EndProject
Project("{2150E333-8FDC-42A3-9474-1A3956D46DE8}") = "Samples", "Samples", "{49E2C622-D14D-41E7-9766-6648D299C089}"
EndProject
Project("{2150E333-8FDC-42A3-9474-1A3956D46DE8}") = "Documentation", "Documentation", "{8C6A7218-07BA-4B8B-9239-773484DDDDFB}"
EndProject
Project("{9A19103F-16F7-4668-BE54-9A1E7A4F7556}") = "NetVips", "src\NetVips\NetVips.csproj", "{5BCB7929-52B1-459B-89E5-7C2059850C60}"
EndProject
Project("{9A19103F-16F7-4668-BE54-9A1E7A4F7556}") = "NetVips.Tests", "tests\NetVips.Tests\NetVips.Tests.csproj", "{10AA7AD8-F5B2-4D17-B516-400983105A94}"
EndProject
Project("{9A19103F-16F7-4668-BE54-9A1E7A4F7556}") = "NetVips.Samples", "samples\NetVips.Samples\NetVips.Samples.csproj", "{FC6364C5-2531-4C29-BBF3-8B2A5E432986}"
EndProject
Project("{9A19103F-16F7-4668-BE54-9A1E7A4F7556}") = "NetVips.Benchmarks", "tests\NetVips.Benchmarks\NetVips.Benchmarks.csproj", "{A614F10E-DDE3-45C1-8734-1B388BF46FA8}"
EndProject
Project("{9A19103F-16F7-4668-BE54-9A1E7A4F7556}") = "Generator", "documentation\Generator.csproj", "{305AB2BA-D951-4CEF-85D1-22660B0F065C}"
EndProject
Global
	GlobalSection(SolutionConfigurationPlatforms) = preSolution
		Debug|Any CPU = Debug|Any CPU
		Debug|x64 = Debug|x64
		Debug|x86 = Debug|x86
		Release|Any CPU = Release|Any CPU
		Release|x64 = Release|x64
		Release|x86 = Release|x86
	EndGlobalSection
	GlobalSection(ProjectConfigurationPlatforms) = postSolution
		{5BCB7929-52B1-459B-89E5-7C2059850C60}.Debug|Any CPU.ActiveCfg = Debug|Any CPU
		{5BCB7929-52B1-459B-89E5-7C2059850C60}.Debug|Any CPU.Build.0 = Debug|Any CPU
		{5BCB7929-52B1-459B-89E5-7C2059850C60}.Debug|x64.ActiveCfg = Debug|x64
		{5BCB7929-52B1-459B-89E5-7C2059850C60}.Debug|x64.Build.0 = Debug|x64
		{5BCB7929-52B1-459B-89E5-7C2059850C60}.Debug|x86.ActiveCfg = Debug|x86
		{5BCB7929-52B1-459B-89E5-7C2059850C60}.Debug|x86.Build.0 = Debug|x86
		{5BCB7929-52B1-459B-89E5-7C2059850C60}.Release|Any CPU.ActiveCfg = Release|Any CPU
		{5BCB7929-52B1-459B-89E5-7C2059850C60}.Release|Any CPU.Build.0 = Release|Any CPU
		{5BCB7929-52B1-459B-89E5-7C2059850C60}.Release|x64.ActiveCfg = Release|x64
		{5BCB7929-52B1-459B-89E5-7C2059850C60}.Release|x64.Build.0 = Release|x64
		{5BCB7929-52B1-459B-89E5-7C2059850C60}.Release|x86.ActiveCfg = Release|x86
		{5BCB7929-52B1-459B-89E5-7C2059850C60}.Release|x86.Build.0 = Release|x86
		{10AA7AD8-F5B2-4D17-B516-400983105A94}.Debug|Any CPU.ActiveCfg = Debug|Any CPU
		{10AA7AD8-F5B2-4D17-B516-400983105A94}.Debug|Any CPU.Build.0 = Debug|Any CPU
		{10AA7AD8-F5B2-4D17-B516-400983105A94}.Debug|x64.ActiveCfg = Debug|x64
		{10AA7AD8-F5B2-4D17-B516-400983105A94}.Debug|x64.Build.0 = Debug|x64
		{10AA7AD8-F5B2-4D17-B516-400983105A94}.Debug|x86.ActiveCfg = Debug|x86
		{10AA7AD8-F5B2-4D17-B516-400983105A94}.Debug|x86.Build.0 = Debug|x86
		{10AA7AD8-F5B2-4D17-B516-400983105A94}.Release|Any CPU.ActiveCfg = Release|Any CPU
		{10AA7AD8-F5B2-4D17-B516-400983105A94}.Release|Any CPU.Build.0 = Release|Any CPU
		{10AA7AD8-F5B2-4D17-B516-400983105A94}.Release|x64.ActiveCfg = Release|x64
		{10AA7AD8-F5B2-4D17-B516-400983105A94}.Release|x64.Build.0 = Release|x64
		{10AA7AD8-F5B2-4D17-B516-400983105A94}.Release|x86.ActiveCfg = Release|x86
		{10AA7AD8-F5B2-4D17-B516-400983105A94}.Release|x86.Build.0 = Release|x86
		{FC6364C5-2531-4C29-BBF3-8B2A5E432986}.Debug|Any CPU.ActiveCfg = Debug|Any CPU
		{FC6364C5-2531-4C29-BBF3-8B2A5E432986}.Debug|Any CPU.Build.0 = Debug|Any CPU
		{FC6364C5-2531-4C29-BBF3-8B2A5E432986}.Debug|x64.ActiveCfg = Debug|x64
		{FC6364C5-2531-4C29-BBF3-8B2A5E432986}.Debug|x64.Build.0 = Debug|x64
		{FC6364C5-2531-4C29-BBF3-8B2A5E432986}.Debug|x86.ActiveCfg = Debug|x86
		{FC6364C5-2531-4C29-BBF3-8B2A5E432986}.Debug|x86.Build.0 = Debug|x86
		{FC6364C5-2531-4C29-BBF3-8B2A5E432986}.Release|Any CPU.ActiveCfg = Release|Any CPU
		{FC6364C5-2531-4C29-BBF3-8B2A5E432986}.Release|Any CPU.Build.0 = Release|Any CPU
		{FC6364C5-2531-4C29-BBF3-8B2A5E432986}.Release|x64.ActiveCfg = Release|x64
		{FC6364C5-2531-4C29-BBF3-8B2A5E432986}.Release|x64.Build.0 = Release|x64
		{FC6364C5-2531-4C29-BBF3-8B2A5E432986}.Release|x86.ActiveCfg = Release|x86
		{FC6364C5-2531-4C29-BBF3-8B2A5E432986}.Release|x86.Build.0 = Release|x86
		{A614F10E-DDE3-45C1-8734-1B388BF46FA8}.Debug|Any CPU.ActiveCfg = Debug|Any CPU
		{A614F10E-DDE3-45C1-8734-1B388BF46FA8}.Debug|Any CPU.Build.0 = Debug|Any CPU
		{A614F10E-DDE3-45C1-8734-1B388BF46FA8}.Debug|x64.ActiveCfg = Debug|x64
		{A614F10E-DDE3-45C1-8734-1B388BF46FA8}.Debug|x64.Build.0 = Debug|x64
		{A614F10E-DDE3-45C1-8734-1B388BF46FA8}.Debug|x86.ActiveCfg = Debug|x86
		{A614F10E-DDE3-45C1-8734-1B388BF46FA8}.Debug|x86.Build.0 = Debug|x86
		{A614F10E-DDE3-45C1-8734-1B388BF46FA8}.Release|Any CPU.ActiveCfg = Release|Any CPU
		{A614F10E-DDE3-45C1-8734-1B388BF46FA8}.Release|Any CPU.Build.0 = Release|Any CPU
		{A614F10E-DDE3-45C1-8734-1B388BF46FA8}.Release|x64.ActiveCfg = Release|Any CPU
		{A614F10E-DDE3-45C1-8734-1B388BF46FA8}.Release|x64.Build.0 = Release|Any CPU
		{A614F10E-DDE3-45C1-8734-1B388BF46FA8}.Release|x86.ActiveCfg = Release|x86
		{A614F10E-DDE3-45C1-8734-1B388BF46FA8}.Release|x86.Build.0 = Release|x86
		{305AB2BA-D951-4CEF-85D1-22660B0F065C}.Debug|Any CPU.ActiveCfg = Debug|Any CPU
		{305AB2BA-D951-4CEF-85D1-22660B0F065C}.Debug|Any CPU.Build.0 = Debug|Any CPU
		{305AB2BA-D951-4CEF-85D1-22660B0F065C}.Debug|x64.ActiveCfg = Debug|x64
		{305AB2BA-D951-4CEF-85D1-22660B0F065C}.Debug|x64.Build.0 = Debug|x64
		{305AB2BA-D951-4CEF-85D1-22660B0F065C}.Debug|x86.ActiveCfg = Debug|x86
		{305AB2BA-D951-4CEF-85D1-22660B0F065C}.Debug|x86.Build.0 = Debug|x86
		{305AB2BA-D951-4CEF-85D1-22660B0F065C}.Release|Any CPU.ActiveCfg = Release|Any CPU
		{305AB2BA-D951-4CEF-85D1-22660B0F065C}.Release|Any CPU.Build.0 = Release|Any CPU
		{305AB2BA-D951-4CEF-85D1-22660B0F065C}.Release|x64.ActiveCfg = Release|Any CPU
		{305AB2BA-D951-4CEF-85D1-22660B0F065C}.Release|x64.Build.0 = Release|Any CPU
		{305AB2BA-D951-4CEF-85D1-22660B0F065C}.Release|x86.ActiveCfg = Release|x86
		{305AB2BA-D951-4CEF-85D1-22660B0F065C}.Release|x86.Build.0 = Release|x86
	EndGlobalSection
	GlobalSection(SolutionProperties) = preSolution
		HideSolutionNode = FALSE
	EndGlobalSection
	GlobalSection(NestedProjects) = preSolution
		{5BCB7929-52B1-459B-89E5-7C2059850C60} = {6D649DD5-5078-47D4-A2A2-225B03C34F43}
		{10AA7AD8-F5B2-4D17-B516-400983105A94} = {2C353101-8C00-4CEC-902B-12ADB42DAB97}
		{FC6364C5-2531-4C29-BBF3-8B2A5E432986} = {49E2C622-D14D-41E7-9766-6648D299C089}
		{A614F10E-DDE3-45C1-8734-1B388BF46FA8} = {2C353101-8C00-4CEC-902B-12ADB42DAB97}
		{305AB2BA-D951-4CEF-85D1-22660B0F065C} = {8C6A7218-07BA-4B8B-9239-773484DDDDFB}
	EndGlobalSection
	GlobalSection(ExtensibilityGlobals) = postSolution
		SolutionGuid = {91C3F11B-613B-4498-8869-F7BA9A6D0E99}
	EndGlobalSection
EndGlobal
