Microsoft Visual Studio Solution File, Format Version 12.00
# Visual Studio Version 17
VisualStudioVersion = 17.8.34309.116
MinimumVisualStudioVersion = 10.0.40219.1
Project("{9A19103F-16F7-4668-BE54-9A1E7A4F7556}") = "NetVips", "src\NetVips\NetVips.csproj", "{5BCB7929-52B1-459B-89E5-7C2059850C60}"
EndProject
Project("{9A19103F-16F7-4668-BE54-9A1E7A4F7556}") = "NetVips.Benchmarks", "tests\NetVips.Benchmarks\NetVips.Benchmarks.csproj", "{A614F10E-DDE3-45C1-8734-1B388BF46FA8}"
EndProject
Project("{9A19103F-16F7-4668-BE54-9A1E7A4F7556}") = "NetVips.Build", "build\NetVips.Build.csproj", "{35598B6F-008D-4E0B-85CC-8C17FFA8387E}"
EndProject
Project("{9A19103F-16F7-4668-BE54-9A1E7A4F7556}") = "NetVips.Docs", "docs\NetVips.Docs.csproj", "{305AB2BA-D951-4CEF-85D1-22660B0F065C}"
EndProject
Project("{9A19103F-16F7-4668-BE54-9A1E7A4F7556}") = "NetVips.Extensions", "src\NetVips.Extensions\NetVips.Extensions.csproj", "{853D1CDD-212D-4AEC-8934-E7A22D4217F4}"
EndProject
Project("{9A19103F-16F7-4668-BE54-9A1E7A4F7556}") = "NetVips.Samples", "samples\NetVips.Samples\NetVips.Samples.csproj", "{FC6364C5-2531-4C29-BBF3-8B2A5E432986}"
EndProject
Project("{9A19103F-16F7-4668-BE54-9A1E7A4F7556}") = "NetVips.Tests", "tests\NetVips.Tests\NetVips.Tests.csproj", "{10AA7AD8-F5B2-4D17-B516-400983105A94}"
EndProject
Project("{2150E333-8FDC-42A3-9474-1A3956D46DE8}") = "Solution Items", "Solution Items", "{8AE75339-1E88-4BEE-83DE-47DB5ED18099}"
	ProjectSection(SolutionItems) = preProject
		.editorconfig = .editorconfig
	EndProjectSection
EndProject
Global
	GlobalSection(SolutionConfigurationPlatforms) = preSolution
		Debug|ARM32 = Debug|ARM32
		Debug|ARM64 = Debug|ARM64
		Debug|x64 = Debug|x64
		Debug|x86 = Debug|x86
		Release|ARM32 = Release|ARM32
		Release|ARM64 = Release|ARM64
		Release|x64 = Release|x64
		Release|x86 = Release|x86
	EndGlobalSection
	GlobalSection(ProjectConfigurationPlatforms) = postSolution
		{5BCB7929-52B1-459B-89E5-7C2059850C60}.Debug|ARM32.ActiveCfg = Debug|ARM32
		{5BCB7929-52B1-459B-89E5-7C2059850C60}.Debug|ARM32.Build.0 = Debug|ARM32
		{5BCB7929-52B1-459B-89E5-7C2059850C60}.Debug|ARM64.ActiveCfg = Debug|ARM64
		{5BCB7929-52B1-459B-89E5-7C2059850C60}.Debug|ARM64.Build.0 = Debug|ARM64
		{5BCB7929-52B1-459B-89E5-7C2059850C60}.Debug|x64.ActiveCfg = Debug|x64
		{5BCB7929-52B1-459B-89E5-7C2059850C60}.Debug|x64.Build.0 = Debug|x64
		{5BCB7929-52B1-459B-89E5-7C2059850C60}.Debug|x86.ActiveCfg = Debug|x86
		{5BCB7929-52B1-459B-89E5-7C2059850C60}.Debug|x86.Build.0 = Debug|x86
		{5BCB7929-52B1-459B-89E5-7C2059850C60}.Release|ARM32.ActiveCfg = Release|ARM32
		{5BCB7929-52B1-459B-89E5-7C2059850C60}.Release|ARM32.Build.0 = Release|ARM32
		{5BCB7929-52B1-459B-89E5-7C2059850C60}.Release|ARM64.ActiveCfg = Release|ARM64
		{5BCB7929-52B1-459B-89E5-7C2059850C60}.Release|ARM64.Build.0 = Release|ARM64
		{5BCB7929-52B1-459B-89E5-7C2059850C60}.Release|x64.ActiveCfg = Release|x64
		{5BCB7929-52B1-459B-89E5-7C2059850C60}.Release|x64.Build.0 = Release|x64
		{5BCB7929-52B1-459B-89E5-7C2059850C60}.Release|x86.ActiveCfg = Release|x86
		{5BCB7929-52B1-459B-89E5-7C2059850C60}.Release|x86.Build.0 = Release|x86
		{A614F10E-DDE3-45C1-8734-1B388BF46FA8}.Debug|ARM32.ActiveCfg = Debug|ARM32
		{A614F10E-DDE3-45C1-8734-1B388BF46FA8}.Debug|ARM64.ActiveCfg = Debug|ARM64
		{A614F10E-DDE3-45C1-8734-1B388BF46FA8}.Debug|x64.ActiveCfg = Debug|x64
		{A614F10E-DDE3-45C1-8734-1B388BF46FA8}.Debug|x86.ActiveCfg = Debug|x86
		{A614F10E-DDE3-45C1-8734-1B388BF46FA8}.Release|ARM32.ActiveCfg = Release|ARM32
		{A614F10E-DDE3-45C1-8734-1B388BF46FA8}.Release|ARM64.ActiveCfg = Release|ARM64
		{A614F10E-DDE3-45C1-8734-1B388BF46FA8}.Release|x64.ActiveCfg = Release|x64
		{A614F10E-DDE3-45C1-8734-1B388BF46FA8}.Release|x86.ActiveCfg = Release|x86
		{35598B6F-008D-4E0B-85CC-8C17FFA8387E}.Debug|ARM32.ActiveCfg = Debug|ARM32
		{35598B6F-008D-4E0B-85CC-8C17FFA8387E}.Debug|ARM64.ActiveCfg = Debug|ARM64
		{35598B6F-008D-4E0B-85CC-8C17FFA8387E}.Debug|x64.ActiveCfg = Debug|x64
		{35598B6F-008D-4E0B-85CC-8C17FFA8387E}.Debug|x86.ActiveCfg = Debug|x86
		{35598B6F-008D-4E0B-85CC-8C17FFA8387E}.Release|ARM32.ActiveCfg = Release|ARM32
		{35598B6F-008D-4E0B-85CC-8C17FFA8387E}.Release|ARM64.ActiveCfg = Release|ARM64
		{35598B6F-008D-4E0B-85CC-8C17FFA8387E}.Release|x64.ActiveCfg = Release|x64
		{35598B6F-008D-4E0B-85CC-8C17FFA8387E}.Release|x86.ActiveCfg = Release|x86
		{305AB2BA-D951-4CEF-85D1-22660B0F065C}.Debug|ARM32.ActiveCfg = Debug|ARM32
		{305AB2BA-D951-4CEF-85D1-22660B0F065C}.Debug|ARM32.Build.0 = Debug|ARM32
		{305AB2BA-D951-4CEF-85D1-22660B0F065C}.Debug|ARM64.ActiveCfg = Debug|ARM64
		{305AB2BA-D951-4CEF-85D1-22660B0F065C}.Debug|ARM64.Build.0 = Debug|ARM64
		{305AB2BA-D951-4CEF-85D1-22660B0F065C}.Debug|x64.ActiveCfg = Debug|x64
		{305AB2BA-D951-4CEF-85D1-22660B0F065C}.Debug|x64.Build.0 = Debug|x64
		{305AB2BA-D951-4CEF-85D1-22660B0F065C}.Debug|x86.ActiveCfg = Debug|x86
		{305AB2BA-D951-4CEF-85D1-22660B0F065C}.Debug|x86.Build.0 = Debug|x86
		{305AB2BA-D951-4CEF-85D1-22660B0F065C}.Release|ARM32.ActiveCfg = Release|ARM32
		{305AB2BA-D951-4CEF-85D1-22660B0F065C}.Release|ARM32.Build.0 = Release|ARM32
		{305AB2BA-D951-4CEF-85D1-22660B0F065C}.Release|ARM64.ActiveCfg = Release|ARM64
		{305AB2BA-D951-4CEF-85D1-22660B0F065C}.Release|ARM64.Build.0 = Release|ARM64
		{305AB2BA-D951-4CEF-85D1-22660B0F065C}.Release|x64.ActiveCfg = Release|x64
		{305AB2BA-D951-4CEF-85D1-22660B0F065C}.Release|x64.Build.0 = Release|x64
		{305AB2BA-D951-4CEF-85D1-22660B0F065C}.Release|x86.ActiveCfg = Release|x86
		{305AB2BA-D951-4CEF-85D1-22660B0F065C}.Release|x86.Build.0 = Release|x86
		{853D1CDD-212D-4AEC-8934-E7A22D4217F4}.Debug|ARM32.ActiveCfg = Debug|ARM32
		{853D1CDD-212D-4AEC-8934-E7A22D4217F4}.Debug|ARM32.Build.0 = Debug|ARM32
		{853D1CDD-212D-4AEC-8934-E7A22D4217F4}.Debug|ARM64.ActiveCfg = Debug|ARM64
		{853D1CDD-212D-4AEC-8934-E7A22D4217F4}.Debug|ARM64.Build.0 = Debug|ARM64
		{853D1CDD-212D-4AEC-8934-E7A22D4217F4}.Debug|x64.ActiveCfg = Debug|x64
		{853D1CDD-212D-4AEC-8934-E7A22D4217F4}.Debug|x64.Build.0 = Debug|x64
		{853D1CDD-212D-4AEC-8934-E7A22D4217F4}.Debug|x86.ActiveCfg = Debug|x86
		{853D1CDD-212D-4AEC-8934-E7A22D4217F4}.Debug|x86.Build.0 = Debug|x86
		{853D1CDD-212D-4AEC-8934-E7A22D4217F4}.Release|ARM32.ActiveCfg = Release|ARM32
		{853D1CDD-212D-4AEC-8934-E7A22D4217F4}.Release|ARM32.Build.0 = Release|ARM32
		{853D1CDD-212D-4AEC-8934-E7A22D4217F4}.Release|ARM64.ActiveCfg = Release|ARM64
		{853D1CDD-212D-4AEC-8934-E7A22D4217F4}.Release|ARM64.Build.0 = Release|ARM64
		{853D1CDD-212D-4AEC-8934-E7A22D4217F4}.Release|x64.ActiveCfg = Release|x64
		{853D1CDD-212D-4AEC-8934-E7A22D4217F4}.Release|x64.Build.0 = Release|x64
		{853D1CDD-212D-4AEC-8934-E7A22D4217F4}.Release|x86.ActiveCfg = Release|x86
		{853D1CDD-212D-4AEC-8934-E7A22D4217F4}.Release|x86.Build.0 = Release|x86
		{FC6364C5-2531-4C29-BBF3-8B2A5E432986}.Debug|ARM32.ActiveCfg = Debug|ARM32
		{FC6364C5-2531-4C29-BBF3-8B2A5E432986}.Debug|ARM32.Build.0 = Debug|ARM32
		{FC6364C5-2531-4C29-BBF3-8B2A5E432986}.Debug|ARM64.ActiveCfg = Debug|ARM64
		{FC6364C5-2531-4C29-BBF3-8B2A5E432986}.Debug|ARM64.Build.0 = Debug|ARM64
		{FC6364C5-2531-4C29-BBF3-8B2A5E432986}.Debug|x64.ActiveCfg = Debug|x64
		{FC6364C5-2531-4C29-BBF3-8B2A5E432986}.Debug|x64.Build.0 = Debug|x64
		{FC6364C5-2531-4C29-BBF3-8B2A5E432986}.Debug|x86.ActiveCfg = Debug|x86
		{FC6364C5-2531-4C29-BBF3-8B2A5E432986}.Debug|x86.Build.0 = Debug|x86
		{FC6364C5-2531-4C29-BBF3-8B2A5E432986}.Release|ARM32.ActiveCfg = Release|ARM32
		{FC6364C5-2531-4C29-BBF3-8B2A5E432986}.Release|ARM32.Build.0 = Release|ARM32
		{FC6364C5-2531-4C29-BBF3-8B2A5E432986}.Release|ARM64.ActiveCfg = Release|ARM64
		{FC6364C5-2531-4C29-BBF3-8B2A5E432986}.Release|ARM64.Build.0 = Release|ARM64
		{FC6364C5-2531-4C29-BBF3-8B2A5E432986}.Release|x64.ActiveCfg = Release|x64
		{FC6364C5-2531-4C29-BBF3-8B2A5E432986}.Release|x64.Build.0 = Release|x64
		{FC6364C5-2531-4C29-BBF3-8B2A5E432986}.Release|x86.ActiveCfg = Release|x86
		{FC6364C5-2531-4C29-BBF3-8B2A5E432986}.Release|x86.Build.0 = Release|x86
		{10AA7AD8-F5B2-4D17-B516-400983105A94}.Debug|ARM32.ActiveCfg = Debug|ARM32
		{10AA7AD8-F5B2-4D17-B516-400983105A94}.Debug|ARM32.Build.0 = Debug|ARM32
		{10AA7AD8-F5B2-4D17-B516-400983105A94}.Debug|ARM64.ActiveCfg = Debug|ARM64
		{10AA7AD8-F5B2-4D17-B516-400983105A94}.Debug|ARM64.Build.0 = Debug|ARM64
		{10AA7AD8-F5B2-4D17-B516-400983105A94}.Debug|x64.ActiveCfg = Debug|x64
		{10AA7AD8-F5B2-4D17-B516-400983105A94}.Debug|x64.Build.0 = Debug|x64
		{10AA7AD8-F5B2-4D17-B516-400983105A94}.Debug|x86.ActiveCfg = Debug|x86
		{10AA7AD8-F5B2-4D17-B516-400983105A94}.Debug|x86.Build.0 = Debug|x86
		{10AA7AD8-F5B2-4D17-B516-400983105A94}.Release|ARM32.ActiveCfg = Release|ARM32
		{10AA7AD8-F5B2-4D17-B516-400983105A94}.Release|ARM32.Build.0 = Release|ARM32
		{10AA7AD8-F5B2-4D17-B516-400983105A94}.Release|ARM64.ActiveCfg = Release|ARM64
		{10AA7AD8-F5B2-4D17-B516-400983105A94}.Release|ARM64.Build.0 = Release|ARM64
		{10AA7AD8-F5B2-4D17-B516-400983105A94}.Release|x64.ActiveCfg = Release|x64
		{10AA7AD8-F5B2-4D17-B516-400983105A94}.Release|x64.Build.0 = Release|x64
		{10AA7AD8-F5B2-4D17-B516-400983105A94}.Release|x86.ActiveCfg = Release|x86
		{10AA7AD8-F5B2-4D17-B516-400983105A94}.Release|x86.Build.0 = Release|x86
	EndGlobalSection
	GlobalSection(SolutionProperties) = preSolution
		HideSolutionNode = FALSE
	EndGlobalSection
	GlobalSection(ExtensibilityGlobals) = postSolution
		SolutionGuid = {91C3F11B-613B-4498-8869-F7BA9A6D0E99}
	EndGlobalSection
EndGlobal
